# THIS IS AN AUTOGENERATED FILE. DO NOT EDIT THIS FILE DIRECTLY.
# yarn lockfile v1


accepts@~1.2.7:
  version "1.2.13"
  resolved "https://registry.yarnpkg.com/accepts/-/accepts-1.2.13.tgz#e5f1f3928c6d95fd96558c36ec3d9d0de4a6ecea"
  dependencies:
    mime-types "~2.1.6"
    negotiator "0.5.3"

acorn-globals@^1.0.3:
  version "1.0.9"
  resolved "https://registry.yarnpkg.com/acorn-globals/-/acorn-globals-1.0.9.tgz#55bb5e98691507b74579d0513413217c380c54cf"
  dependencies:
    acorn "^2.1.0"

acorn@^1.0.1:
  version "1.2.2"
  resolved "https://registry.yarnpkg.com/acorn/-/acorn-1.2.2.tgz#c8ce27de0acc76d896d2b1fad3df588d9e82f014"

acorn@^2.1.0:
  version "2.7.0"
  resolved "https://registry.yarnpkg.com/acorn/-/acorn-2.7.0.tgz#ab6e7d9d886aaca8b085bc3312b79a198433f0e7"

ajv@^4.9.1:
  version "4.11.8"
  resolved "https://registry.yarnpkg.com/ajv/-/ajv-4.11.8.tgz#82ffb02b29e662ae53bdc20af15947706739c536"
  dependencies:
    co "^4.6.0"
    json-stable-stringify "^1.0.1"

amdefine@>=0.0.4:
  version "1.0.1"
  resolved "https://registry.yarnpkg.com/amdefine/-/amdefine-1.0.1.tgz#4a5282ac164729e93619bcfd3ad151f817ce91f5"

asn1@~0.2.3:
  version "0.2.3"
  resolved "https://registry.yarnpkg.com/asn1/-/asn1-0.2.3.tgz#dac8787713c9966849fc8180777ebe9c1ddf3b86"

asn1js@^1.2.12:
  version "1.2.12"
  resolved "https://registry.yarnpkg.com/asn1js/-/asn1js-1.2.12.tgz#87d5ee797596ae2d2a3cb0247220dc42ffc3f211"

assert-plus@1.0.0, assert-plus@^1.0.0:
  version "1.0.0"
  resolved "https://registry.yarnpkg.com/assert-plus/-/assert-plus-1.0.0.tgz#f12e0f3c5d77b0b1cdd9146942e4e96c1e4dd525"

assert-plus@^0.2.0:
  version "0.2.0"
  resolved "https://registry.yarnpkg.com/assert-plus/-/assert-plus-0.2.0.tgz#d74e1b87e7affc0db8aadb7021f3fe48101ab234"

asynckit@^0.4.0:
  version "0.4.0"
  resolved "https://registry.yarnpkg.com/asynckit/-/asynckit-0.4.0.tgz#c79ed97f7f34cb8f2ba1bc9790bcc366474b4b79"

aws-sign2@~0.6.0:
  version "0.6.0"
  resolved "https://registry.yarnpkg.com/aws-sign2/-/aws-sign2-0.6.0.tgz#14342dd38dbcc94d0e5b87d763cd63612c0e794f"

aws4@^1.2.1:
  version "1.6.0"
  resolved "https://registry.yarnpkg.com/aws4/-/aws4-1.6.0.tgz#83ef5ca860b2b32e4a0deedee8c771b9db57471e"

basic-auth@~1.0.1:
  version "1.0.4"
  resolved "https://registry.yarnpkg.com/basic-auth/-/basic-auth-1.0.4.tgz#030935b01de7c9b94a824b29f3fccb750d3a5290"

bcrypt-pbkdf@^1.0.0:
  version "1.0.1"
  resolved "https://registry.yarnpkg.com/bcrypt-pbkdf/-/bcrypt-pbkdf-1.0.1.tgz#63bc5dcb61331b92bc05fd528953c33462a06f8d"
  dependencies:
    tweetnacl "^0.14.3"

bindings@^1.2.1:
  version "1.3.0"
  resolved "https://registry.yarnpkg.com/bindings/-/bindings-1.3.0.tgz#b346f6ecf6a95f5a815c5839fc7cdb22502f1ed7"

bluebird@^3.0.6, bluebird@^3.4.1:
  version "3.5.0"
  resolved "https://registry.yarnpkg.com/bluebird/-/bluebird-3.5.0.tgz#791420d7f551eea2897453a8a77653f96606d67c"

body-parser@~1.12.0:
  version "1.12.4"
  resolved "https://registry.yarnpkg.com/body-parser/-/body-parser-1.12.4.tgz#090700c4ba28862a8520ef378395fdee5f61c229"
  dependencies:
    bytes "1.0.0"
    content-type "~1.0.1"
    debug "~2.2.0"
    depd "~1.0.1"
    iconv-lite "0.4.8"
    on-finished "~2.2.1"
    qs "2.4.2"
    raw-body "~2.0.1"
    type-is "~1.6.2"

boom@2.x.x:
  version "2.10.1"
  resolved "https://registry.yarnpkg.com/boom/-/boom-2.10.1.tgz#39c8918ceff5799f83f9492a848f625add0c766f"
  dependencies:
    hoek "2.x.x"

buffer-v6-polyfill@^1.0.3:
  version "1.0.5"
  resolved "https://registry.yarnpkg.com/buffer-v6-polyfill/-/buffer-v6-polyfill-1.0.5.tgz#d1cdafeb5600bef6c28d6144964256bd12e01677"

bytes@1.0.0:
  version "1.0.0"
  resolved "https://registry.yarnpkg.com/bytes/-/bytes-1.0.0.tgz#3569ede8ba34315fab99c3e92cb04c7220de1fa8"

bytes@2.1.0:
  version "2.1.0"
  resolved "https://registry.yarnpkg.com/bytes/-/bytes-2.1.0.tgz#ac93c410e2ffc9cc7cf4b464b38289067f5e47b4"

caseless@~0.12.0:
  version "0.12.0"
  resolved "https://registry.yarnpkg.com/caseless/-/caseless-0.12.0.tgz#1b681c21ff84033c826543090689420d187151dc"

certpem@^1.0.0:
  version "1.0.1"
  resolved "https://registry.yarnpkg.com/certpem/-/certpem-1.0.1.tgz#fa4a258c4057965c465700822fb8d807d7f2d9f5"
  dependencies:
    asn1js "^1.2.12"
    buffer-v6-polyfill "^1.0.3"
    node.extend "^1.1.5"
    pkijs "^1.3.27"

character-parser@1.2.1:
  version "1.2.1"
  resolved "https://registry.yarnpkg.com/character-parser/-/character-parser-1.2.1.tgz#c0dde4ab182713b919b970959a123ecc1a30fcd6"

co@^4.6.0:
  version "4.6.0"
  resolved "https://registry.yarnpkg.com/co/-/co-4.6.0.tgz#6ea6bdf3d853ae54ccb8e47bfa0bf3f9031fb184"

combined-stream@^1.0.5, combined-stream@~1.0.5:
  version "1.0.5"
  resolved "https://registry.yarnpkg.com/combined-stream/-/combined-stream-1.0.5.tgz#938370a57b4a51dea2c77c15d5c5fdf895164009"
  dependencies:
    delayed-stream "~1.0.0"

commander@~2.6.0:
  version "2.6.0"
  resolved "https://registry.yarnpkg.com/commander/-/commander-2.6.0.tgz#9df7e52fb2a0cb0fb89058ee80c3104225f37e1d"

constantinople@~3.0.1:
  version "3.0.2"
  resolved "https://registry.yarnpkg.com/constantinople/-/constantinople-3.0.2.tgz#4b945d9937907bcd98ee575122c3817516544141"
  dependencies:
    acorn "^2.1.0"

content-disposition@0.5.0:
  version "0.5.0"
  resolved "https://registry.yarnpkg.com/content-disposition/-/content-disposition-0.5.0.tgz#4284fe6ae0630874639e44e80a418c2934135e9e"

content-type@~1.0.1:
  version "1.0.2"
  resolved "https://registry.yarnpkg.com/content-type/-/content-type-1.0.2.tgz#b7d113aee7a8dd27bd21133c4dc2529df1721eed"

cookie-parser@~1.3.4:
  version "1.3.5"
  resolved "https://registry.yarnpkg.com/cookie-parser/-/cookie-parser-1.3.5.tgz#9d755570fb5d17890771227a02314d9be7cf8356"
  dependencies:
    cookie "0.1.3"
    cookie-signature "1.0.6"

cookie-signature@1.0.6:
  version "1.0.6"
  resolved "https://registry.yarnpkg.com/cookie-signature/-/cookie-signature-1.0.6.tgz#e303a882b342cc3ee8ca513a79999734dab3ae2c"

cookie@0.1.2:
  version "0.1.2"
  resolved "https://registry.yarnpkg.com/cookie/-/cookie-0.1.2.tgz#72fec3d24e48a3432073d90c12642005061004b1"

cookie@0.1.3:
  version "0.1.3"
  resolved "https://registry.yarnpkg.com/cookie/-/cookie-0.1.3.tgz#e734a5c1417fce472d5aef82c381cabb64d1a435"

core-util-is@1.0.2:
  version "1.0.2"
  resolved "https://registry.yarnpkg.com/core-util-is/-/core-util-is-1.0.2.tgz#b5fd54220aa2bc5ab57aab7140c940754503c1a7"

crc@3.2.1:
  version "3.2.1"
  resolved "https://registry.yarnpkg.com/crc/-/crc-3.2.1.tgz#5d9c8fb77a245cd5eca291e5d2d005334bab0082"

cryptiles@2.x.x:
  version "2.0.5"
  resolved "https://registry.yarnpkg.com/cryptiles/-/cryptiles-2.0.5.tgz#3bdfecdc608147c1c67202fa291e7dca59eaa3b8"
  dependencies:
    boom "2.x.x"

css-parse@1.0.4:
  version "1.0.4"
  resolved "https://registry.yarnpkg.com/css-parse/-/css-parse-1.0.4.tgz#38b0503fbf9da9f54e9c1dbda60e145c77117bdd"

css-parse@1.7.x:
  version "1.7.0"
  resolved "https://registry.yarnpkg.com/css-parse/-/css-parse-1.7.0.tgz#321f6cf73782a6ff751111390fc05e2c657d8c9b"

css-stringify@1.0.5:
  version "1.0.5"
  resolved "https://registry.yarnpkg.com/css-stringify/-/css-stringify-1.0.5.tgz#b0d042946db2953bb9d292900a6cb5f6d0122031"

css@~1.0.8:
  version "1.0.8"
  resolved "https://registry.yarnpkg.com/css/-/css-1.0.8.tgz#9386811ca82bccc9ee7fb5a732b1e2a317c8a3e7"
  dependencies:
    css-parse "1.0.4"
    css-stringify "1.0.5"

dashdash@^1.12.0:
  version "1.14.1"
  resolved "https://registry.yarnpkg.com/dashdash/-/dashdash-1.14.1.tgz#853cfa0f7cbe2fed5de20326b8dd581035f6e2f0"
  dependencies:
    assert-plus "^1.0.0"

debug@*, debug@~2.2.0:
  version "2.2.0"
  resolved "https://registry.yarnpkg.com/debug/-/debug-2.2.0.tgz#f87057e995b1a1f6ae6a4960664137bc56f039da"
  dependencies:
    ms "0.7.1"

debug@~2.1.1:
  version "2.1.3"
  resolved "https://registry.yarnpkg.com/debug/-/debug-2.1.3.tgz#ce8ab1b5ee8fbee2bfa3b633cab93d366b63418e"
  dependencies:
    ms "0.7.0"

delayed-stream@~1.0.0:
  version "1.0.0"
  resolved "https://registry.yarnpkg.com/delayed-stream/-/delayed-stream-1.0.0.tgz#df3ae199acadfb7d440aaae0b29e2272b24ec619"

depd@~1.0.1:
  version "1.0.1"
  resolved "https://registry.yarnpkg.com/depd/-/depd-1.0.1.tgz#80aec64c9d6d97e65cc2a9caa93c0aa6abf73aaa"

destroy@1.0.3:
  version "1.0.3"
  resolved "https://registry.yarnpkg.com/destroy/-/destroy-1.0.3.tgz#b433b4724e71fd8551d9885174851c5fc377e2c9"

ecc-jsbn@~0.1.1:
  version "0.1.1"
  resolved "https://registry.yarnpkg.com/ecc-jsbn/-/ecc-jsbn-0.1.1.tgz#0fc73a9ed5f0d53c38193398523ef7e543777505"
  dependencies:
    jsbn "~0.1.0"

ee-first@1.1.0:
  version "1.1.0"
  resolved "https://registry.yarnpkg.com/ee-first/-/ee-first-1.1.0.tgz#6a0d7c6221e490feefd92ec3f441c9ce8cd097f4"

escape-html@1.0.1:
  version "1.0.1"
  resolved "https://registry.yarnpkg.com/escape-html/-/escape-html-1.0.1.tgz#181a286ead397a39a92857cfb1d43052e356bff0"

escape-html@^1.0.2:
  version "1.0.3"
  resolved "https://registry.yarnpkg.com/escape-html/-/escape-html-1.0.3.tgz#0258eae4d3d0c0974de1c169188ef0051d1d1988"

etag@~1.6.0:
  version "1.6.0"
  resolved "https://registry.yarnpkg.com/etag/-/etag-1.6.0.tgz#8bcb2c6af1254c481dfc8b997c906ef4e442c207"
  dependencies:
    crc "3.2.1"

express@~4.12.0:
  version "4.12.4"
  resolved "https://registry.yarnpkg.com/express/-/express-4.12.4.tgz#8fec2510255bc6b2e58107c48239c0fa307c1aa2"
  dependencies:
    accepts "~1.2.7"
    content-disposition "0.5.0"
    content-type "~1.0.1"
    cookie "0.1.2"
    cookie-signature "1.0.6"
    debug "~2.2.0"
    depd "~1.0.1"
    escape-html "1.0.1"
    etag "~1.6.0"
    finalhandler "0.3.6"
    fresh "0.2.4"
    merge-descriptors "1.0.0"
    methods "~1.1.1"
    on-finished "~2.2.1"
    parseurl "~1.3.0"
    path-to-regexp "0.1.3"
    proxy-addr "~1.0.8"
    qs "2.4.2"
    range-parser "~1.0.2"
    send "0.12.3"
    serve-static "~1.9.3"
    type-is "~1.6.2"
    utils-merge "1.0.0"
    vary "~1.0.0"

extend@~3.0.0:
  version "3.0.1"
  resolved "https://registry.yarnpkg.com/extend/-/extend-3.0.1.tgz#a755ea7bc1adfcc5a31ce7e762dbaadc5e636444"

extsprintf@1.3.0, extsprintf@^1.2.0:
  version "1.3.0"
  resolved "https://registry.yarnpkg.com/extsprintf/-/extsprintf-1.3.0.tgz#96918440e3041a7a414f8c52e3c574eb3c3e1e05"

finalhandler@0.3.6:
  version "0.3.6"
  resolved "https://registry.yarnpkg.com/finalhandler/-/finalhandler-0.3.6.tgz#daf9c4161b1b06e001466b1411dfdb6973be138b"
  dependencies:
    debug "~2.2.0"
    escape-html "1.0.1"
    on-finished "~2.2.1"

forever-agent@~0.6.1:
  version "0.6.1"
  resolved "https://registry.yarnpkg.com/forever-agent/-/forever-agent-0.6.1.tgz#fbc71f0c41adeb37f96c577ad1ed42d8fdacca91"

form-data@~2.1.1:
  version "2.1.4"
  resolved "https://registry.yarnpkg.com/form-data/-/form-data-2.1.4.tgz#33c183acf193276ecaa98143a69e94bfee1750d1"
  dependencies:
    asynckit "^0.4.0"
    combined-stream "^1.0.5"
    mime-types "^2.1.12"

forwarded@~0.1.0:
  version "0.1.0"
  resolved "https://registry.yarnpkg.com/forwarded/-/forwarded-0.1.0.tgz#19ef9874c4ae1c297bcf078fde63a09b66a84363"

fresh@0.2.4:
  version "0.2.4"
  resolved "https://registry.yarnpkg.com/fresh/-/fresh-0.2.4.tgz#3582499206c9723714190edd74b4604feb4a614c"

getpass@^0.1.1:
  version "0.1.7"
  resolved "https://registry.yarnpkg.com/getpass/-/getpass-0.1.7.tgz#5eff8e3e684d569ae4cb2b1282604e8ba62149fa"
  dependencies:
    assert-plus "^1.0.0"

glob@3.2.x:
  version "3.2.11"
  resolved "https://registry.yarnpkg.com/glob/-/glob-3.2.11.tgz#4a973f635b9190f715d10987d5c00fd2815ebe3d"
  dependencies:
    inherits "2"
    minimatch "0.3"

har-schema@^1.0.5:
  version "1.0.5"
  resolved "https://registry.yarnpkg.com/har-schema/-/har-schema-1.0.5.tgz#d263135f43307c02c602afc8fe95970c0151369e"

har-validator@~4.2.1:
  version "4.2.1"
  resolved "https://registry.yarnpkg.com/har-validator/-/har-validator-4.2.1.tgz#33481d0f1bbff600dd203d75812a6a5fba002e2a"
  dependencies:
    ajv "^4.9.1"
    har-schema "^1.0.5"

hawk@~3.1.3:
  version "3.1.3"
  resolved "https://registry.yarnpkg.com/hawk/-/hawk-3.1.3.tgz#078444bd7c1640b0fe540d2c9b73d59678e8e1c4"
  dependencies:
    boom "2.x.x"
    cryptiles "2.x.x"
    hoek "2.x.x"
    sntp "1.x.x"

hoek@2.x.x:
  version "2.16.3"
  resolved "https://registry.yarnpkg.com/hoek/-/hoek-2.16.3.tgz#20bb7403d3cea398e91dc4710a8ff1b8274a25ed"

homedir@^0.6.0:
  version "0.6.0"
  resolved "https://registry.yarnpkg.com/homedir/-/homedir-0.6.0.tgz#2b21db66bf08a6db38249a3eff52d7d18706af1e"

http-signature@~1.1.0:
  version "1.1.1"
  resolved "https://registry.yarnpkg.com/http-signature/-/http-signature-1.1.1.tgz#df72e267066cd0ac67fb76adf8e134a8fbcf91bf"
  dependencies:
    assert-plus "^0.2.0"
    jsprim "^1.2.2"
    sshpk "^1.7.0"

iconv-lite@0.4.8:
  version "0.4.8"
  resolved "https://registry.yarnpkg.com/iconv-lite/-/iconv-lite-0.4.8.tgz#c6019a7595f2cefca702eab694a010bcd9298d20"

inherits@2:
  version "2.0.3"
  resolved "https://registry.yarnpkg.com/inherits/-/inherits-2.0.3.tgz#633c2c83e3da42a502f52466022480f4208261de"

ipaddr.js@1.0.5:
  version "1.0.5"
  resolved "https://registry.yarnpkg.com/ipaddr.js/-/ipaddr.js-1.0.5.tgz#5fa78cf301b825c78abc3042d812723049ea23c7"

is-promise@~1:
  version "1.0.1"
  resolved "https://registry.yarnpkg.com/is-promise/-/is-promise-1.0.1.tgz#31573761c057e33c2e91aab9e96da08cefbe76e5"

is-typedarray@~1.0.0:
  version "1.0.0"
  resolved "https://registry.yarnpkg.com/is-typedarray/-/is-typedarray-1.0.0.tgz#e479c80858df0c1b11ddda6940f96011fcda4a9a"

is@^3.1.0:
  version "3.2.1"
  resolved "https://registry.yarnpkg.com/is/-/is-3.2.1.tgz#d0ac2ad55eb7b0bec926a5266f6c662aaa83dca5"

isstream@~0.1.2:
  version "0.1.2"
  resolved "https://registry.yarnpkg.com/isstream/-/isstream-0.1.2.tgz#47e63f7af55afa6f92e1500e690eb8b8529c099a"

jade@~1.9.2:
  version "1.9.2"
  resolved "https://registry.yarnpkg.com/jade/-/jade-1.9.2.tgz#0b89f9c60d4ead2738e826ba7b2ccac9a5702abe"
  dependencies:
    character-parser "1.2.1"
    commander "~2.6.0"
    constantinople "~3.0.1"
    mkdirp "~0.5.0"
    transformers "2.1.0"
    void-elements "~2.0.1"
    with "~4.0.0"

jsbn@~0.1.0:
  version "0.1.1"
  resolved "https://registry.yarnpkg.com/jsbn/-/jsbn-0.1.1.tgz#a5e654c2e5a2deb5f201d96cefbca80c0ef2f513"

json-schema@0.2.3:
  version "0.2.3"
  resolved "https://registry.yarnpkg.com/json-schema/-/json-schema-0.2.3.tgz#b480c892e59a2f05954ce727bd3f2a4e882f9e13"

json-stable-stringify@^1.0.1:
  version "1.0.1"
  resolved "https://registry.yarnpkg.com/json-stable-stringify/-/json-stable-stringify-1.0.1.tgz#9a759d39c5f2ff503fd5300646ed445f88c4f9af"
  dependencies:
    jsonify "~0.0.0"

json-stringify-safe@~5.0.1:
  version "5.0.1"
  resolved "https://registry.yarnpkg.com/json-stringify-safe/-/json-stringify-safe-5.0.1.tgz#1296a2d58fd45f19a0f6ce01d65701e2c735b6eb"

jsonify@~0.0.0:
  version "0.0.0"
  resolved "https://registry.yarnpkg.com/jsonify/-/jsonify-0.0.0.tgz#2c74b6ee41d93ca51b7b5aaee8f503631d252a73"

jsprim@^1.2.2:
  version "1.4.1"
  resolved "https://registry.yarnpkg.com/jsprim/-/jsprim-1.4.1.tgz#313e66bc1e5cc06e438bc1b7499c2e5c56acb6a2"
  dependencies:
    assert-plus "1.0.0"
    extsprintf "1.3.0"
    json-schema "0.2.3"
    verror "1.10.0"

le-acme-core@^2.0.5:
  version "2.1.1"
  resolved "https://registry.yarnpkg.com/le-acme-core/-/le-acme-core-2.1.1.tgz#82f1d0bc9e35002679891b9444e36a487971f12e"
  dependencies:
    request "^2.74.0"
    rsa-compat "^1.2.7"

le-challenge-fs@^2.0.2, le-challenge-fs@^2.0.4:
  version "2.0.8"
  resolved "https://registry.yarnpkg.com/le-challenge-fs/-/le-challenge-fs-2.0.8.tgz#b6d458a37f097e87df3d8b5ff67013737ab9d5a2"
  dependencies:
    mkdirp "^0.5.1"

le-challenge-sni@^2.0.0:
  version "2.0.1"
  resolved "https://registry.yarnpkg.com/le-challenge-sni/-/le-challenge-sni-2.0.1.tgz#4e262f1bf52cf1d181e64bc187776b7a68c8f417"
  dependencies:
    le-tls-sni "^0.1.0"

le-sni-auto@^2.0.1, le-sni-auto@^2.1.0:
  version "2.1.1"
  resolved "https://registry.yarnpkg.com/le-sni-auto/-/le-sni-auto-2.1.1.tgz#ad5beb9d8cc8d84b1e128082c7072f84c43ca97b"
  dependencies:
    bluebird "^3.4.1"

le-store-certbot@^2.0.3:
  version "2.0.5"
  resolved "https://registry.yarnpkg.com/le-store-certbot/-/le-store-certbot-2.0.5.tgz#b53fcfc177bdf00ea88812d0de673a0de0fe3491"
  dependencies:
    bluebird "^3.4.1"
    mkdirp "^0.5.1"
    pyconf "^1.1.2"
    safe-replace "^1.0.2"

le-tls-sni@^0.1.0:
  version "0.1.4"
  resolved "https://registry.yarnpkg.com/le-tls-sni/-/le-tls-sni-0.1.4.tgz#785309a07b0ebb24190fe5ba615b9cc7685ce19c"
  dependencies:
    node-forge "^0.6.43"
    rsa-compat "^1.2.7"

letsencrypt-express@^2.0.6:
  version "2.0.6"
  resolved "https://registry.yarnpkg.com/letsencrypt-express/-/letsencrypt-express-2.0.6.tgz#86dfdea3434d7f2eb561e0f94c6c18d55b845b83"
  dependencies:
    le-challenge-fs "^2.0.4"
    le-sni-auto "^2.0.1"
    le-store-certbot "^2.0.3"
    letsencrypt "^2.1.0"
    localhost.daplie.com-certificates "^1.2.3"
    redirect-https "^1.1.0"

letsencrypt@^2.1.0:
  version "2.1.8"
  resolved "https://registry.yarnpkg.com/letsencrypt/-/letsencrypt-2.1.8.tgz#981ae1415b9fb372ae15f1156d5d32b7dcc78bdd"
  dependencies:
    asn1js "^1.2.12"
    bluebird "^3.0.6"
    certpem "^1.0.0"
    homedir "^0.6.0"
    le-acme-core "^2.0.5"
    le-challenge-fs "^2.0.2"
    le-challenge-sni "^2.0.0"
    le-sni-auto "^2.1.0"
    le-store-certbot "^2.0.3"
    localhost.daplie.com-certificates "^1.2.3"
    node.extend "^1.1.5"
    pkijs "^1.3.27"
    rsa-compat "^1.2.1"

localhost.daplie.com-certificates@^1.2.3:
  version "1.2.5"
  resolved "https://registry.yarnpkg.com/localhost.daplie.com-certificates/-/localhost.daplie.com-certificates-1.2.5.tgz#ce191b256c2b332b7464da4d81c78911b0e05407"

lru-cache@2:
  version "2.7.3"
  resolved "https://registry.yarnpkg.com/lru-cache/-/lru-cache-2.7.3.tgz#6d4524e8b955f95d4f5b58851ce21dd72fb4e952"

media-typer@0.3.0:
  version "0.3.0"
  resolved "https://registry.yarnpkg.com/media-typer/-/media-typer-0.3.0.tgz#8710d7af0aa626f8fffa1ce00168545263255748"

merge-descriptors@1.0.0:
  version "1.0.0"
  resolved "https://registry.yarnpkg.com/merge-descriptors/-/merge-descriptors-1.0.0.tgz#2169cf7538e1b0cc87fb88e1502d8474bbf79864"

methods@~1.1.1:
  version "1.1.2"
  resolved "https://registry.yarnpkg.com/methods/-/methods-1.1.2.tgz#5529a4d67654134edcc5266656835b0f851afcee"

mime-db@~1.29.0:
  version "1.29.0"
  resolved "https://registry.yarnpkg.com/mime-db/-/mime-db-1.29.0.tgz#48d26d235589651704ac5916ca06001914266878"

mime-types@^2.1.12, mime-types@~2.1.15, mime-types@~2.1.6, mime-types@~2.1.7:
  version "2.1.16"
  resolved "https://registry.yarnpkg.com/mime-types/-/mime-types-2.1.16.tgz#2b858a52e5ecd516db897ac2be87487830698e23"
  dependencies:
    mime-db "~1.29.0"

mime@1.3.4:
  version "1.3.4"
  resolved "https://registry.yarnpkg.com/mime/-/mime-1.3.4.tgz#115f9e3b6b3daf2959983cb38f149a2d40eb5d53"

minimatch@0.3:
  version "0.3.0"
  resolved "https://registry.yarnpkg.com/minimatch/-/minimatch-0.3.0.tgz#275d8edaac4f1bb3326472089e7949c8394699dd"
  dependencies:
    lru-cache "2"
    sigmund "~1.0.0"

minimist@0.0.8:
  version "0.0.8"
  resolved "https://registry.yarnpkg.com/minimist/-/minimist-0.0.8.tgz#857fcabfc3397d2625b8228262e86aa7a011b05d"

mkdirp@0.3.x:
  version "0.3.5"
  resolved "https://registry.yarnpkg.com/mkdirp/-/mkdirp-0.3.5.tgz#de3e5f8961c88c787ee1368df849ac4413eca8d7"

mkdirp@^0.5.1, mkdirp@~0.5.0:
  version "0.5.1"
  resolved "https://registry.yarnpkg.com/mkdirp/-/mkdirp-0.5.1.tgz#30057438eac6cf7f8c4767f38648d6697d75c903"
  dependencies:
    minimist "0.0.8"

morgan@~1.5.1:
  version "1.5.3"
  resolved "https://registry.yarnpkg.com/morgan/-/morgan-1.5.3.tgz#8adb4e72f9e5c5436e5d93f42910835f79da9fdf"
  dependencies:
    basic-auth "~1.0.1"
    debug "~2.2.0"
    depd "~1.0.1"
    on-finished "~2.2.1"

ms@0.7.0:
  version "0.7.0"
  resolved "https://registry.yarnpkg.com/ms/-/ms-0.7.0.tgz#865be94c2e7397ad8a57da6a633a6e2f30798b83"

ms@0.7.1:
  version "0.7.1"
  resolved "https://registry.yarnpkg.com/ms/-/ms-0.7.1.tgz#9cd13c03adbff25b65effde7ce864ee952017098"

nan@^2.3.3:
  version "2.6.2"
  resolved "https://registry.yarnpkg.com/nan/-/nan-2.6.2.tgz#e4ff34e6c95fdfb5aecc08de6596f43605a7db45"

negotiator@0.5.3:
  version "0.5.3"
  resolved "https://registry.yarnpkg.com/negotiator/-/negotiator-0.5.3.tgz#269d5c476810ec92edbe7b6c2f28316384f9a7e8"

node-forge@^0.6.41, node-forge@^0.6.43:
  version "0.6.49"
  resolved "https://registry.yarnpkg.com/node-forge/-/node-forge-0.6.49.tgz#f1ee95d5d74623938fe19d698aa5a26d54d2f60f"

node.extend@^1.1.5:
  version "1.1.6"
  resolved "https://registry.yarnpkg.com/node.extend/-/node.extend-1.1.6.tgz#a7b882c82d6c93a4863a5504bd5de8ec86258b96"
  dependencies:
    is "^3.1.0"

oauth-sign@~0.8.1:
  version "0.8.2"
  resolved "https://registry.yarnpkg.com/oauth-sign/-/oauth-sign-0.8.2.tgz#46a6ab7f0aead8deae9ec0565780b7d4efeb9d43"

on-finished@~2.2.1:
  version "2.2.1"
  resolved "https://registry.yarnpkg.com/on-finished/-/on-finished-2.2.1.tgz#5c85c1cc36299f78029653f667f27b6b99ebc029"
  dependencies:
    ee-first "1.1.0"

optimist@~0.3.5:
  version "0.3.7"
  resolved "https://registry.yarnpkg.com/optimist/-/optimist-0.3.7.tgz#c90941ad59e4273328923074d2cf2e7cbc6ec0d9"
  dependencies:
    wordwrap "~0.0.2"

parseurl@~1.3.0:
  version "1.3.1"
  resolved "https://registry.yarnpkg.com/parseurl/-/parseurl-1.3.1.tgz#c8ab8c9223ba34888aa64a297b28853bec18da56"

path-to-regexp@0.1.3:
  version "0.1.3"
  resolved "https://registry.yarnpkg.com/path-to-regexp/-/path-to-regexp-0.1.3.tgz#21b9ab82274279de25b156ea08fd12ca51b8aecb"

performance-now@^0.2.0:
  version "0.2.0"
  resolved "https://registry.yarnpkg.com/performance-now/-/performance-now-0.2.0.tgz#33ef30c5c77d4ea21c5a53869d91b56d8f2555e5"

pkijs@^1.3.27:
  version "1.3.33"
  resolved "https://registry.yarnpkg.com/pkijs/-/pkijs-1.3.33.tgz#a689ef62113b7c348e1ffc09965d2239e5bb4c92"

promise@~2.0:
  version "2.0.0"
  resolved "https://registry.yarnpkg.com/promise/-/promise-2.0.0.tgz#46648aa9d605af5d2e70c3024bf59436da02b80e"
  dependencies:
    is-promise "~1"

proxy-addr@~1.0.8:
  version "1.0.10"
  resolved "https://registry.yarnpkg.com/proxy-addr/-/proxy-addr-1.0.10.tgz#0d40a82f801fc355567d2ecb65efe3f077f121c5"
  dependencies:
    forwarded "~0.1.0"
    ipaddr.js "1.0.5"

punycode@^1.4.1:
  version "1.4.1"
  resolved "https://registry.yarnpkg.com/punycode/-/punycode-1.4.1.tgz#c0d5a63b2718800ad8e1eb0fa5269c84dd41845e"

pyconf@^1.1.2:
  version "1.1.2"
  resolved "https://registry.yarnpkg.com/pyconf/-/pyconf-1.1.2.tgz#61a7aa299ff6ee57b8c687ad355a55d2e7a86a6b"
  dependencies:
    safe-replace "^1.0.2"

qs@2.4.2:
  version "2.4.2"
  resolved "https://registry.yarnpkg.com/qs/-/qs-2.4.2.tgz#f7ce788e5777df0b5010da7f7c4e73ba32470f5a"

qs@~6.4.0:
  version "6.4.0"
  resolved "https://registry.yarnpkg.com/qs/-/qs-6.4.0.tgz#13e26d28ad6b0ffaa91312cd3bf708ed351e7233"

range-parser@~1.0.2:
  version "1.0.3"
  resolved "https://registry.yarnpkg.com/range-parser/-/range-parser-1.0.3.tgz#6872823535c692e2c2a0103826afd82c2e0ff175"

raw-body@~2.0.1:
  version "2.0.2"
  resolved "https://registry.yarnpkg.com/raw-body/-/raw-body-2.0.2.tgz#a2c2f98c8531cee99c63d8d238b7de97bb659fca"
  dependencies:
    bytes "2.1.0"
    iconv-lite "0.4.8"

redirect-https@^1.1.0:
  version "1.1.4"
  resolved "https://registry.yarnpkg.com/redirect-https/-/redirect-https-1.1.4.tgz#aaa1fc72ac51623a5c49e80425051fea43bcee32"
  dependencies:
    escape-html "^1.0.2"

request@^2.74.0:
  version "2.81.0"
  resolved "https://registry.yarnpkg.com/request/-/request-2.81.0.tgz#c6928946a0e06c5f8d6f8a9333469ffda46298a0"
  dependencies:
    aws-sign2 "~0.6.0"
    aws4 "^1.2.1"
    caseless "~0.12.0"
    combined-stream "~1.0.5"
    extend "~3.0.0"
    forever-agent "~0.6.1"
    form-data "~2.1.1"
    har-validator "~4.2.1"
    hawk "~3.1.3"
    http-signature "~1.1.0"
    is-typedarray "~1.0.0"
    isstream "~0.1.2"
    json-stringify-safe "~5.0.1"
    mime-types "~2.1.7"
    oauth-sign "~0.8.1"
    performance-now "^0.2.0"
    qs "~6.4.0"
    safe-buffer "^5.0.1"
    stringstream "~0.0.4"
    tough-cookie "~2.3.0"
    tunnel-agent "^0.6.0"
    uuid "^3.0.0"

rsa-compat@^1.2.1, rsa-compat@^1.2.7:
  version "1.2.7"
  resolved "https://registry.yarnpkg.com/rsa-compat/-/rsa-compat-1.2.7.tgz#7c4636de798885a9f3c90436ea3804e35b1684c8"
  dependencies:
    buffer-v6-polyfill "^1.0.3"
    node-forge "^0.6.41"
  optionalDependencies:
    ursa "^0.9.4"

safe-buffer@^5.0.1:
  version "5.1.1"
  resolved "https://registry.yarnpkg.com/safe-buffer/-/safe-buffer-5.1.1.tgz#893312af69b2123def71f57889001671eeb2c853"

safe-replace@^1.0.2:
  version "1.0.2"
  resolved "https://registry.yarnpkg.com/safe-replace/-/safe-replace-1.0.2.tgz#b181ab4095acdf6ab0a8f840517491ca8a9922ba"

sax@0.5.x:
  version "0.5.8"
  resolved "https://registry.yarnpkg.com/sax/-/sax-0.5.8.tgz#d472db228eb331c2506b0e8c15524adb939d12c1"

send@0.12.3:
  version "0.12.3"
  resolved "https://registry.yarnpkg.com/send/-/send-0.12.3.tgz#cd12dc58fde21e4f91902b39b2fda05a7a6d9bdc"
  dependencies:
    debug "~2.2.0"
    depd "~1.0.1"
    destroy "1.0.3"
    escape-html "1.0.1"
    etag "~1.6.0"
    fresh "0.2.4"
    mime "1.3.4"
    ms "0.7.1"
    on-finished "~2.2.1"
    range-parser "~1.0.2"

serve-favicon@~2.2.0:
  version "2.2.1"
  resolved "https://registry.yarnpkg.com/serve-favicon/-/serve-favicon-2.2.1.tgz#d97bacc150f66fe0e5cc4c78a84ba15bae5a584a"
  dependencies:
    etag "~1.6.0"
    fresh "0.2.4"
    ms "0.7.1"
    parseurl "~1.3.0"

serve-static@~1.9.3:
  version "1.9.3"
  resolved "https://registry.yarnpkg.com/serve-static/-/serve-static-1.9.3.tgz#5f8da07323ad385ff3dc541f1a7917b2e436eb57"
  dependencies:
    escape-html "1.0.1"
    parseurl "~1.3.0"
    send "0.12.3"
    utils-merge "1.0.0"

sigmund@~1.0.0:
  version "1.0.1"
  resolved "https://registry.yarnpkg.com/sigmund/-/sigmund-1.0.1.tgz#3ff21f198cad2175f9f3b781853fd94d0d19b590"

sntp@1.x.x:
  version "1.0.9"
  resolved "https://registry.yarnpkg.com/sntp/-/sntp-1.0.9.tgz#6541184cc90aeea6c6e7b35e2659082443c66198"
  dependencies:
    hoek "2.x.x"

source-map@~0.1.7:
  version "0.1.43"
  resolved "https://registry.yarnpkg.com/source-map/-/source-map-0.1.43.tgz#c24bc146ca517c1471f5dacbe2571b2b7f9e3346"
  dependencies:
    amdefine ">=0.0.4"

sshpk@^1.7.0:
  version "1.13.1"
  resolved "https://registry.yarnpkg.com/sshpk/-/sshpk-1.13.1.tgz#512df6da6287144316dc4c18fe1cf1d940739be3"
  dependencies:
    asn1 "~0.2.3"
    assert-plus "^1.0.0"
    dashdash "^1.12.0"
    getpass "^0.1.1"
  optionalDependencies:
    bcrypt-pbkdf "^1.0.0"
    ecc-jsbn "~0.1.1"
    jsbn "~0.1.0"
    tweetnacl "~0.14.0"

stringstream@~0.0.4:
  version "0.0.5"
  resolved "https://registry.yarnpkg.com/stringstream/-/stringstream-0.0.5.tgz#4e484cd4de5a0bbbee18e46307710a8a81621878"

stylus@0.42.3:
  version "0.42.3"
  resolved "https://registry.yarnpkg.com/stylus/-/stylus-0.42.3.tgz#23e8b3e71eb7f60bc4a657de498c8feb9c366c32"
  dependencies:
    css-parse "1.7.x"
    debug "*"
    glob "3.2.x"
    mkdirp "0.3.x"
    sax "0.5.x"

tough-cookie@~2.3.0:
  version "2.3.2"
  resolved "https://registry.yarnpkg.com/tough-cookie/-/tough-cookie-2.3.2.tgz#f081f76e4c85720e6c37a5faced737150d84072a"
  dependencies:
    punycode "^1.4.1"

transformers@2.1.0:
  version "2.1.0"
  resolved "https://registry.yarnpkg.com/transformers/-/transformers-2.1.0.tgz#5d23cb35561dd85dc67fb8482309b47d53cce9a7"
  dependencies:
    css "~1.0.8"
    promise "~2.0"
    uglify-js "~2.2.5"

tunnel-agent@^0.6.0:
  version "0.6.0"
  resolved "https://registry.yarnpkg.com/tunnel-agent/-/tunnel-agent-0.6.0.tgz#27a5dea06b36b04a0a9966774b290868f0fc40fd"
  dependencies:
    safe-buffer "^5.0.1"

tweetnacl@^0.14.3, tweetnacl@~0.14.0:
  version "0.14.5"
  resolved "https://registry.yarnpkg.com/tweetnacl/-/tweetnacl-0.14.5.tgz#5ae68177f192d4456269d108afa93ff8743f4f64"

type-is@~1.6.2:
  version "1.6.15"
  resolved "https://registry.yarnpkg.com/type-is/-/type-is-1.6.15.tgz#cab10fb4909e441c82842eafe1ad646c81804410"
  dependencies:
    media-typer "0.3.0"
    mime-types "~2.1.15"

uglify-js@~2.2.5:
  version "2.2.5"
  resolved "https://registry.yarnpkg.com/uglify-js/-/uglify-js-2.2.5.tgz#a6e02a70d839792b9780488b7b8b184c095c99c7"
  dependencies:
    optimist "~0.3.5"
    source-map "~0.1.7"

ursa@^0.9.4:
  version "0.9.4"
  resolved "https://registry.yarnpkg.com/ursa/-/ursa-0.9.4.tgz#0a2abfb7dc4267f733b0f8f2fc7f2c895d40a413"
  dependencies:
    bindings "^1.2.1"
    nan "^2.3.3"

utils-merge@1.0.0:
  version "1.0.0"
  resolved "https://registry.yarnpkg.com/utils-merge/-/utils-merge-1.0.0.tgz#0294fb922bb9375153541c4f7096231f287c8af8"

uuid@^3.0.0:
  version "3.1.0"
  resolved "https://registry.yarnpkg.com/uuid/-/uuid-3.1.0.tgz#3dd3d3e790abc24d7b0d3a034ffababe28ebbc04"

vary@~1.0.0:
  version "1.0.1"
  resolved "https://registry.yarnpkg.com/vary/-/vary-1.0.1.tgz#99e4981566a286118dfb2b817357df7993376d10"

verror@1.10.0:
  version "1.10.0"
  resolved "https://registry.yarnpkg.com/verror/-/verror-1.10.0.tgz#3a105ca17053af55d6e270c1f8288682e18da400"
  dependencies:
    assert-plus "^1.0.0"
    core-util-is "1.0.2"
    extsprintf "^1.2.0"

void-elements@~2.0.1:
  version "2.0.1"
  resolved "https://registry.yarnpkg.com/void-elements/-/void-elements-2.0.1.tgz#c066afb582bb1cb4128d60ea92392e94d5e9dbec"

with@~4.0.0:
  version "4.0.3"
  resolved "https://registry.yarnpkg.com/with/-/with-4.0.3.tgz#eefd154e9e79d2c8d3417b647a8f14d9fecce14e"
  dependencies:
    acorn "^1.0.1"
    acorn-globals "^1.0.3"

wordwrap@~0.0.2:
  version "0.0.3"
  resolved "https://registry.yarnpkg.com/wordwrap/-/wordwrap-0.0.3.tgz#a3d5da6cd5c0bc0008d37234bbaf1bed63059107"
